
Microsoft Visual Studio Solution File, Format Version 12.00
# Visual Studio Version 16
VisualStudioVersion = 16.0.31321.278
MinimumVisualStudioVersion = 10.0.40219.1
Project("{9A19103F-16F7-4668-BE54-9A1E7A4F7556}") = "Inventory", "Inventory\Inventory.csproj", "{DD9D733D-0739-4A64-B4B4-F0A9AC6782EB}"
EndProject
Project("{9A19103F-16F7-4668-BE54-9A1E7A4F7556}") = "Entities", "Entities\Entities.csproj", "{878B8EDD-7857-4CCB-BB77-246FD3E38C2E}"
EndProject
Project("{9A19103F-16F7-4668-BE54-9A1E7A4F7556}") = "DataAccess", "DataAccess\DataAccess.csproj", "{3AEECD22-675A-4BE0-B355-8595A2D214A2}"
EndProject
Project("{9A19103F-16F7-4668-BE54-9A1E7A4F7556}") = "Business", "Business\Business.csproj", "{F15CD6AE-7835-4D0B-A6C9-CD297C6A6750}"
EndProject
Global
	GlobalSection(SolutionConfigurationPlatforms) = preSolution
		Debug|Any CPU = Debug|Any CPU
		Release|Any CPU = Release|Any CPU
	EndGlobalSection
	GlobalSection(ProjectConfigurationPlatforms) = postSolution
		{DD9D733D-0739-4A64-B4B4-F0A9AC6782EB}.Debug|Any CPU.ActiveCfg = Debug|Any CPU
		{DD9D733D-0739-4A64-B4B4-F0A9AC6782EB}.Debug|Any CPU.Build.0 = Debug|Any CPU
		{DD9D733D-0739-4A64-B4B4-F0A9AC6782EB}.Release|Any CPU.ActiveCfg = Release|Any CPU
		{DD9D733D-0739-4A64-B4B4-F0A9AC6782EB}.Release|Any CPU.Build.0 = Release|Any CPU
		{878B8EDD-7857-4CCB-BB77-246FD3E38C2E}.Debug|Any CPU.ActiveCfg = Debug|Any CPU
		{878B8EDD-7857-4CCB-BB77-246FD3E38C2E}.Debug|Any CPU.Build.0 = Debug|Any CPU
		{878B8EDD-7857-4CCB-BB77-246FD3E38C2E}.Release|Any CPU.ActiveCfg = Release|Any CPU
		{878B8EDD-7857-4CCB-BB77-246FD3E38C2E}.Release|Any CPU.Build.0 = Release|Any CPU
		{3AEECD22-675A-4BE0-B355-8595A2D214A2}.Debug|Any CPU.ActiveCfg = Debug|Any CPU
		{3AEECD22-675A-4BE0-B355-8595A2D214A2}.Debug|Any CPU.Build.0 = Debug|Any CPU
		{3AEECD22-675A-4BE0-B355-8595A2D214A2}.Release|Any CPU.ActiveCfg = Release|Any CPU
		{3AEECD22-675A-4BE0-B355-8595A2D214A2}.Release|Any CPU.Build.0 = Release|Any CPU
		{F15CD6AE-7835-4D0B-A6C9-CD297C6A6750}.Debug|Any CPU.ActiveCfg = Debug|Any CPU
		{F15CD6AE-7835-4D0B-A6C9-CD297C6A6750}.Debug|Any CPU.Build.0 = Debug|Any CPU
		{F15CD6AE-7835-4D0B-A6C9-CD297C6A6750}.Release|Any CPU.ActiveCfg = Release|Any CPU
		{F15CD6AE-7835-4D0B-A6C9-CD297C6A6750}.Release|Any CPU.Build.0 = Release|Any CPU
	EndGlobalSection
	GlobalSection(SolutionProperties) = preSolution
		HideSolutionNode = FALSE
	EndGlobalSection
	GlobalSection(ExtensibilityGlobals) = postSolution
		SolutionGuid = {3C8A883A-EDC8-476E-B745-2D17F2136834}
	EndGlobalSection
EndGlobal
